
Microsoft Visual Studio Solution File, Format Version 12.00
# Visual Studio Version 17
VisualStudioVersion = 17.7.34202.233
MinimumVisualStudioVersion = 10.0.40219.1
Project("{9A19103F-16F7-4668-BE54-9A1E7A4F7556}") = "Csharp_homework6", "Csharp_homework6\Csharp_homework6.csproj", "{3659987E-C147-47E8-BAB1-6D1C59C90132}"
EndProject
Project("{9A19103F-16F7-4668-BE54-9A1E7A4F7556}") = "Methods", "Methods\Methods.csproj", "{CDE0DE27-5348-43E9-8EC8-480C62922F5D}"
EndProject
Project("{FAE04EC0-301F-11D3-BF4B-00C04F79EFBC}") = "Mathematic", "Mathematic\Mathematic.csproj", "{D18F9CF1-5488-4038-AF70-45587C653F57}"
EndProject
Project("{FAE04EC0-301F-11D3-BF4B-00C04F79EFBC}") = "ValueAndReferenceType", "ValueAndReferanceType\ValueAndReferenceType.csproj", "{42DB6EEE-E258-4A92-9793-264272428050}"
EndProject
Project("{FAE04EC0-301F-11D3-BF4B-00C04F79EFBC}") = "OOP1", "OOP1\OOP1.csproj", "{B6EC5964-B917-42E4-BCF8-D4187DA36FDC}"
EndProject
Project("{FAE04EC0-301F-11D3-BF4B-00C04F79EFBC}") = "Collections", "Collections\Collections.csproj", "{2D1FE9C5-258E-40F1-B823-167135485A25}"
EndProject
Project("{FAE04EC0-301F-11D3-BF4B-00C04F79EFBC}") = "GenericsIntro", "GenericsIntro\GenericsIntro.csproj", "{21578E62-9922-4C01-BAA6-70F796189252}"
EndProject
Global
	GlobalSection(SolutionConfigurationPlatforms) = preSolution
		Debug|Any CPU = Debug|Any CPU
		Release|Any CPU = Release|Any CPU
	EndGlobalSection
	GlobalSection(ProjectConfigurationPlatforms) = postSolution
		{3659987E-C147-47E8-BAB1-6D1C59C90132}.Debug|Any CPU.ActiveCfg = Debug|Any CPU
		{3659987E-C147-47E8-BAB1-6D1C59C90132}.Debug|Any CPU.Build.0 = Debug|Any CPU
		{3659987E-C147-47E8-BAB1-6D1C59C90132}.Release|Any CPU.ActiveCfg = Release|Any CPU
		{3659987E-C147-47E8-BAB1-6D1C59C90132}.Release|Any CPU.Build.0 = Release|Any CPU
		{CDE0DE27-5348-43E9-8EC8-480C62922F5D}.Debug|Any CPU.ActiveCfg = Debug|Any CPU
		{CDE0DE27-5348-43E9-8EC8-480C62922F5D}.Debug|Any CPU.Build.0 = Debug|Any CPU
		{CDE0DE27-5348-43E9-8EC8-480C62922F5D}.Release|Any CPU.ActiveCfg = Release|Any CPU
		{CDE0DE27-5348-43E9-8EC8-480C62922F5D}.Release|Any CPU.Build.0 = Release|Any CPU
		{D18F9CF1-5488-4038-AF70-45587C653F57}.Debug|Any CPU.ActiveCfg = Debug|Any CPU
		{D18F9CF1-5488-4038-AF70-45587C653F57}.Debug|Any CPU.Build.0 = Debug|Any CPU
		{D18F9CF1-5488-4038-AF70-45587C653F57}.Release|Any CPU.ActiveCfg = Release|Any CPU
		{D18F9CF1-5488-4038-AF70-45587C653F57}.Release|Any CPU.Build.0 = Release|Any CPU
		{42DB6EEE-E258-4A92-9793-264272428050}.Debug|Any CPU.ActiveCfg = Debug|Any CPU
		{42DB6EEE-E258-4A92-9793-264272428050}.Debug|Any CPU.Build.0 = Debug|Any CPU
		{42DB6EEE-E258-4A92-9793-264272428050}.Release|Any CPU.ActiveCfg = Release|Any CPU
		{42DB6EEE-E258-4A92-9793-264272428050}.Release|Any CPU.Build.0 = Release|Any CPU
		{B6EC5964-B917-42E4-BCF8-D4187DA36FDC}.Debug|Any CPU.ActiveCfg = Debug|Any CPU
		{B6EC5964-B917-42E4-BCF8-D4187DA36FDC}.Debug|Any CPU.Build.0 = Debug|Any CPU
		{B6EC5964-B917-42E4-BCF8-D4187DA36FDC}.Release|Any CPU.ActiveCfg = Release|Any CPU
		{B6EC5964-B917-42E4-BCF8-D4187DA36FDC}.Release|Any CPU.Build.0 = Release|Any CPU
		{2D1FE9C5-258E-40F1-B823-167135485A25}.Debug|Any CPU.ActiveCfg = Debug|Any CPU
		{2D1FE9C5-258E-40F1-B823-167135485A25}.Debug|Any CPU.Build.0 = Debug|Any CPU
		{2D1FE9C5-258E-40F1-B823-167135485A25}.Release|Any CPU.ActiveCfg = Release|Any CPU
		{2D1FE9C5-258E-40F1-B823-167135485A25}.Release|Any CPU.Build.0 = Release|Any CPU
		{21578E62-9922-4C01-BAA6-70F796189252}.Debug|Any CPU.ActiveCfg = Debug|Any CPU
		{21578E62-9922-4C01-BAA6-70F796189252}.Debug|Any CPU.Build.0 = Debug|Any CPU
		{21578E62-9922-4C01-BAA6-70F796189252}.Release|Any CPU.ActiveCfg = Release|Any CPU
		{21578E62-9922-4C01-BAA6-70F796189252}.Release|Any CPU.Build.0 = Release|Any CPU
	EndGlobalSection
	GlobalSection(SolutionProperties) = preSolution
		HideSolutionNode = FALSE
	EndGlobalSection
	GlobalSection(ExtensibilityGlobals) = postSolution
		SolutionGuid = {2AA57117-DAB7-48EF-9C14-0BD0D92BE964}
	EndGlobalSection
EndGlobal
